
Microsoft Visual Studio Solution File, Format Version 12.00
# Visual Studio Version 17
VisualStudioVersion = 17.14.36811.4
MinimumVisualStudioVersion = 10.0.40219.1
Project("{00D1A9C2-B5F0-4AF3-8072-F6C62B433612}") = "ProjectLibrary.Database", "ProjectLibrary.Database\ProjectLibrary.Database.sqlproj", "{1DA95DDB-5228-4AF0-9B7B-9D048840F93A}"
EndProject
Project("{FAE04EC0-301F-11D3-BF4B-00C04F79EFBC}") = "ProjectLibrary.ASPMVC", "ProjectLibrary.ASPMVC\ProjectLibrary.ASPMVC.csproj", "{8D088C73-C8B2-6169-D68C-0D9C4166A36F}"
EndProject
Project("{FAE04EC0-301F-11D3-BF4B-00C04F79EFBC}") = "ClassLibrary", "ClassLibrary\ClassLibrary.csproj", "{140B3A9E-3FA7-4F5E-9A24-FB461CF906E2}"
EndProject
Project("{FAE04EC0-301F-11D3-BF4B-00C04F79EFBC}") = "TestConsole", "TestConsole\TestConsole.csproj", "{1B290A9B-0085-43A2-9FFF-8F0118F3D2EA}"
EndProject
Project("{FAE04EC0-301F-11D3-BF4B-00C04F79EFBC}") = "ProjectLibrary.BLL", "ProjectLibrary.BLL\ProjectLibrary.BLL.csproj", "{DD169F78-3A77-4D55-B094-A93FFEE87754}"
EndProject
Global
	GlobalSection(SolutionConfigurationPlatforms) = preSolution
		Debug|Any CPU = Debug|Any CPU
		Release|Any CPU = Release|Any CPU
	EndGlobalSection
	GlobalSection(ProjectConfigurationPlatforms) = postSolution
		{1DA95DDB-5228-4AF0-9B7B-9D048840F93A}.Debug|Any CPU.ActiveCfg = Debug|Any CPU
		{1DA95DDB-5228-4AF0-9B7B-9D048840F93A}.Debug|Any CPU.Build.0 = Debug|Any CPU
		{1DA95DDB-5228-4AF0-9B7B-9D048840F93A}.Debug|Any CPU.Deploy.0 = Debug|Any CPU
		{1DA95DDB-5228-4AF0-9B7B-9D048840F93A}.Release|Any CPU.ActiveCfg = Release|Any CPU
		{1DA95DDB-5228-4AF0-9B7B-9D048840F93A}.Release|Any CPU.Build.0 = Release|Any CPU
		{1DA95DDB-5228-4AF0-9B7B-9D048840F93A}.Release|Any CPU.Deploy.0 = Release|Any CPU
		{8D088C73-C8B2-6169-D68C-0D9C4166A36F}.Debug|Any CPU.ActiveCfg = Debug|Any CPU
		{8D088C73-C8B2-6169-D68C-0D9C4166A36F}.Debug|Any CPU.Build.0 = Debug|Any CPU
		{8D088C73-C8B2-6169-D68C-0D9C4166A36F}.Release|Any CPU.ActiveCfg = Release|Any CPU
		{8D088C73-C8B2-6169-D68C-0D9C4166A36F}.Release|Any CPU.Build.0 = Release|Any CPU
		{140B3A9E-3FA7-4F5E-9A24-FB461CF906E2}.Debug|Any CPU.ActiveCfg = Debug|Any CPU
		{140B3A9E-3FA7-4F5E-9A24-FB461CF906E2}.Debug|Any CPU.Build.0 = Debug|Any CPU
		{140B3A9E-3FA7-4F5E-9A24-FB461CF906E2}.Release|Any CPU.ActiveCfg = Release|Any CPU
		{140B3A9E-3FA7-4F5E-9A24-FB461CF906E2}.Release|Any CPU.Build.0 = Release|Any CPU
		{1B290A9B-0085-43A2-9FFF-8F0118F3D2EA}.Debug|Any CPU.ActiveCfg = Debug|Any CPU
		{1B290A9B-0085-43A2-9FFF-8F0118F3D2EA}.Debug|Any CPU.Build.0 = Debug|Any CPU
		{1B290A9B-0085-43A2-9FFF-8F0118F3D2EA}.Release|Any CPU.ActiveCfg = Release|Any CPU
		{1B290A9B-0085-43A2-9FFF-8F0118F3D2EA}.Release|Any CPU.Build.0 = Release|Any CPU
		{DD169F78-3A77-4D55-B094-A93FFEE87754}.Debug|Any CPU.ActiveCfg = Debug|Any CPU
		{DD169F78-3A77-4D55-B094-A93FFEE87754}.Debug|Any CPU.Build.0 = Debug|Any CPU
		{DD169F78-3A77-4D55-B094-A93FFEE87754}.Release|Any CPU.ActiveCfg = Release|Any CPU
		{DD169F78-3A77-4D55-B094-A93FFEE87754}.Release|Any CPU.Build.0 = Release|Any CPU
	EndGlobalSection
	GlobalSection(SolutionProperties) = preSolution
		HideSolutionNode = FALSE
	EndGlobalSection
	GlobalSection(ExtensibilityGlobals) = postSolution
		SolutionGuid = {D5103C4E-9DCE-4079-8EED-3C622D3F21A5}
	EndGlobalSection
EndGlobal
